# This file is automatically @generated by Cargo.
# It is not intended for manual editing.
version = 3

[[package]]
name = "arbitrary"
version = "1.0.3"
source = "registry+https://github.com/rust-lang/crates.io-index"
checksum = "510c76ecefdceada737ea728f4f9a84bd2e1ef29f1ba555e560940fe279954de"

[[package]]
name = "bincode"
version = "2.0.0-beta.1"
dependencies = [
 "bincode_derive",
]

[[package]]
name = "bincode-fuzz"
version = "0.0.0"
dependencies = [
 "bincode",
 "libfuzzer-sys",
]

[[package]]
name = "bincode_derive"
version = "2.0.0-beta.1"
dependencies = [
 "virtue",
]

[[package]]
name = "cc"
version = "1.0.72"
source = "registry+https://github.com/rust-lang/crates.io-index"
checksum = "22a9137b95ea06864e018375b72adfb7db6e6f68cfc8df5a04d00288050485ee"

[[package]]
name = "libfuzzer-sys"
version = "0.4.2"
source = "registry+https://github.com/rust-lang/crates.io-index"
checksum = "36a9a84a6e8b55dfefb04235e55edb2b9a2a18488fcae777a6bdaa6f06f1deb3"
dependencies = [
 "arbitrary",
 "cc",
 "once_cell",
]

[[package]]
name = "once_cell"
version = "1.9.0"
source = "registry+https://github.com/rust-lang/crates.io-index"
checksum = "da32515d9f6e6e489d7bc9d84c71b060db7247dc035bbe44eac88cf87486d8d5"

[[package]]
name = "virtue"
version = "0.0.4"
source = "registry+https://github.com/rust-lang/crates.io-index"
checksum = "f0e85ed1066abcc0ea331cce3ce83cccf30ae9900529ca46f353b22ca79b56b8"
